
Microsoft Visual Studio Solution File, Format Version 12.00
# Visual Studio Version 17
VisualStudioVersion = 17.4.33213.308
MinimumVisualStudioVersion = 10.0.40219.1
Project("{9A19103F-16F7-4668-BE54-9A1E7A4F7556}") = "Utility", "Utility\Utility.csproj", "{1A3E90D4-E055-43E7-AC4E-A012534CBE58}"
EndProject
Project("{9A19103F-16F7-4668-BE54-9A1E7A4F7556}") = "API", "API\API.csproj", "{C29CE580-9330-47F9-90C6-7CB4BC4A411C}"
EndProject
Project("{9A19103F-16F7-4668-BE54-9A1E7A4F7556}") = "Client", "Client\Client.csproj", "{2C0E788D-9CCC-4B1B-8804-D659B378733E}"
EndProject
Project("{54A90642-561A-4BB1-A94E-469ADEE60C69}") = "Client-Angular", "Client-Angular\Client-Angular.esproj", "{E6365FF1-0D1D-4834-9F6A-B8A79B103243}"
EndProject
Global
	GlobalSection(SolutionConfigurationPlatforms) = preSolution
		Debug|Any CPU = Debug|Any CPU
		Release|Any CPU = Release|Any CPU
	EndGlobalSection
	GlobalSection(ProjectConfigurationPlatforms) = postSolution
		{1A3E90D4-E055-43E7-AC4E-A012534CBE58}.Debug|Any CPU.ActiveCfg = Debug|Any CPU
		{1A3E90D4-E055-43E7-AC4E-A012534CBE58}.Debug|Any CPU.Build.0 = Debug|Any CPU
		{1A3E90D4-E055-43E7-AC4E-A012534CBE58}.Release|Any CPU.ActiveCfg = Release|Any CPU
		{1A3E90D4-E055-43E7-AC4E-A012534CBE58}.Release|Any CPU.Build.0 = Release|Any CPU
		{C29CE580-9330-47F9-90C6-7CB4BC4A411C}.Debug|Any CPU.ActiveCfg = Debug|Any CPU
		{C29CE580-9330-47F9-90C6-7CB4BC4A411C}.Debug|Any CPU.Build.0 = Debug|Any CPU
		{C29CE580-9330-47F9-90C6-7CB4BC4A411C}.Release|Any CPU.ActiveCfg = Release|Any CPU
		{C29CE580-9330-47F9-90C6-7CB4BC4A411C}.Release|Any CPU.Build.0 = Release|Any CPU
		{2C0E788D-9CCC-4B1B-8804-D659B378733E}.Debug|Any CPU.ActiveCfg = Debug|Any CPU
		{2C0E788D-9CCC-4B1B-8804-D659B378733E}.Debug|Any CPU.Build.0 = Debug|Any CPU
		{2C0E788D-9CCC-4B1B-8804-D659B378733E}.Release|Any CPU.ActiveCfg = Release|Any CPU
		{2C0E788D-9CCC-4B1B-8804-D659B378733E}.Release|Any CPU.Build.0 = Release|Any CPU
		{E6365FF1-0D1D-4834-9F6A-B8A79B103243}.Debug|Any CPU.ActiveCfg = Debug|Any CPU
		{E6365FF1-0D1D-4834-9F6A-B8A79B103243}.Debug|Any CPU.Build.0 = Debug|Any CPU
		{E6365FF1-0D1D-4834-9F6A-B8A79B103243}.Debug|Any CPU.Deploy.0 = Debug|Any CPU
		{E6365FF1-0D1D-4834-9F6A-B8A79B103243}.Release|Any CPU.ActiveCfg = Release|Any CPU
		{E6365FF1-0D1D-4834-9F6A-B8A79B103243}.Release|Any CPU.Build.0 = Release|Any CPU
		{E6365FF1-0D1D-4834-9F6A-B8A79B103243}.Release|Any CPU.Deploy.0 = Release|Any CPU
	EndGlobalSection
	GlobalSection(SolutionProperties) = preSolution
		HideSolutionNode = FALSE
	EndGlobalSection
	GlobalSection(ExtensibilityGlobals) = postSolution
		SolutionGuid = {443809B7-9F5F-4D62-996A-D297F23FE515}
	EndGlobalSection
EndGlobal
